# This file is automatically @generated by Cargo.
# It is not intended for manual editing.
[[package]]
name = "hello"
version = "0.1.0"
dependencies = [
 "whoami",
]

[[package]]
name = "whoami"
version = "0.8.1"
source = "registry+https://github.com/rust-lang/crates.io-index"
checksum = "a08eb844b158ea881e81b94556eede7f7e306e4c7b976aad88f49e6e36dec391"
