# This file is automatically @generated by Cargo.
# It is not intended for manual editing.
[[package]]
name = "hello"
version = "0.1.0"
dependencies = [
 "whoami",
]

[[package]]
name = "whoami"
version = "0.8.2"
source = "registry+https://github.com/rust-lang/crates.io-index"
checksum = "18bb55566f6f3f8440914233cf63df1eb60b801b5007d376cc46212cb8a9287c"
